
Microsoft Visual Studio Solution File, Format Version 12.00
# Visual Studio Version 17
VisualStudioVersion = 17.8.34330.188
MinimumVisualStudioVersion = 10.0.40219.1
Project("{FAE04EC0-301F-11D3-BF4B-00C04F79EFBC}") = "FactoryMethod", "FactoryMethod.csproj", "{919E0D47-C934-468F-8689-5D065EF92908}"
EndProject
Global
	GlobalSection(SolutionConfigurationPlatforms) = preSolution
		Debug|Any CPU = Debug|Any CPU
		Release|Any CPU = Release|Any CPU
	EndGlobalSection
	GlobalSection(ProjectConfigurationPlatforms) = postSolution
		{919E0D47-C934-468F-8689-5D065EF92908}.Debug|Any CPU.ActiveCfg = Debug|Any CPU
		{919E0D47-C934-468F-8689-5D065EF92908}.Debug|Any CPU.Build.0 = Debug|Any CPU
		{919E0D47-C934-468F-8689-5D065EF92908}.Release|Any CPU.ActiveCfg = Release|Any CPU
		{919E0D47-C934-468F-8689-5D065EF92908}.Release|Any CPU.Build.0 = Release|Any CPU
	EndGlobalSection
	GlobalSection(SolutionProperties) = preSolution
		HideSolutionNode = FALSE
	EndGlobalSection
	GlobalSection(ExtensibilityGlobals) = postSolution
		SolutionGuid = {D684B017-6165-4A6F-B7A3-2B918742D071}
	EndGlobalSection
EndGlobal
